
Microsoft Visual Studio Solution File, Format Version 12.00
# Visual Studio Version 17
VisualStudioVersion = 17.0.32112.339
MinimumVisualStudioVersion = 10.0.40219.1
Project("{8BC9CEB8-8B4A-11D0-8D11-00A0C91BC942}") = "ASK.FM", "ASK.FM\ASK.FM.vcxproj", "{204D6037-A9B2-47FA-AD7E-DD1479D912D6}"
EndProject
Global
	GlobalSection(SolutionConfigurationPlatforms) = preSolution
		Debug|x64 = Debug|x64
		Debug|x86 = Debug|x86
		Release|x64 = Release|x64
		Release|x86 = Release|x86
	EndGlobalSection
	GlobalSection(ProjectConfigurationPlatforms) = postSolution
		{204D6037-A9B2-47FA-AD7E-DD1479D912D6}.Debug|x64.ActiveCfg = Debug|x64
		{204D6037-A9B2-47FA-AD7E-DD1479D912D6}.Debug|x64.Build.0 = Debug|x64
		{204D6037-A9B2-47FA-AD7E-DD1479D912D6}.Debug|x86.ActiveCfg = Debug|Win32
		{204D6037-A9B2-47FA-AD7E-DD1479D912D6}.Debug|x86.Build.0 = Debug|Win32
		{204D6037-A9B2-47FA-AD7E-DD1479D912D6}.Release|x64.ActiveCfg = Release|x64
		{204D6037-A9B2-47FA-AD7E-DD1479D912D6}.Release|x64.Build.0 = Release|x64
		{204D6037-A9B2-47FA-AD7E-DD1479D912D6}.Release|x86.ActiveCfg = Release|Win32
		{204D6037-A9B2-47FA-AD7E-DD1479D912D6}.Release|x86.Build.0 = Release|Win32
	EndGlobalSection
	GlobalSection(SolutionProperties) = preSolution
		HideSolutionNode = FALSE
	EndGlobalSection
	GlobalSection(ExtensibilityGlobals) = postSolution
		SolutionGuid = {20A53763-4379-4E79-8DEF-4F8EE5683B3A}
	EndGlobalSection
EndGlobal
